
Microsoft Visual Studio Solution File, Format Version 12.00
# Visual Studio Version 17
VisualStudioVersion = 17.9.34728.123
MinimumVisualStudioVersion = 10.0.40219.1
Project("{FAE04EC0-301F-11D3-BF4B-00C04F79EFBC}") = "wpfOrder", "wpfOrder\wpfOrder.csproj", "{A585DCFA-3C30-423E-BAA5-6D8E06E4BAFA}"
EndProject
Global
	GlobalSection(SolutionConfigurationPlatforms) = preSolution
		Debug|Any CPU = Debug|Any CPU
		Release|Any CPU = Release|Any CPU
	EndGlobalSection
	GlobalSection(ProjectConfigurationPlatforms) = postSolution
		{A585DCFA-3C30-423E-BAA5-6D8E06E4BAFA}.Debug|Any CPU.ActiveCfg = Debug|Any CPU
		{A585DCFA-3C30-423E-BAA5-6D8E06E4BAFA}.Debug|Any CPU.Build.0 = Debug|Any CPU
		{A585DCFA-3C30-423E-BAA5-6D8E06E4BAFA}.Release|Any CPU.ActiveCfg = Release|Any CPU
		{A585DCFA-3C30-423E-BAA5-6D8E06E4BAFA}.Release|Any CPU.Build.0 = Release|Any CPU
	EndGlobalSection
	GlobalSection(SolutionProperties) = preSolution
		HideSolutionNode = FALSE
	EndGlobalSection
	GlobalSection(ExtensibilityGlobals) = postSolution
		SolutionGuid = {56BD415D-049C-45B3-AA0B-DC65B16A4124}
	EndGlobalSection
EndGlobal
